
Microsoft Visual Studio Solution File, Format Version 12.00
# Visual Studio Version 17
VisualStudioVersion = 17.13.35806.99 d17.13
MinimumVisualStudioVersion = 10.0.40219.1
Project("{FAE04EC0-301F-11D3-BF4B-00C04F79EFBC}") = "BetterLife", "BetterLife\BetterLife.csproj", "{2797D758-79A2-4810-A16B-1274BFB1627B}"
EndProject
Global
	GlobalSection(SolutionConfigurationPlatforms) = preSolution
		Debug|Any CPU = Debug|Any CPU
		Release|Any CPU = Release|Any CPU
	EndGlobalSection
	GlobalSection(ProjectConfigurationPlatforms) = postSolution
		{2797D758-79A2-4810-A16B-1274BFB1627B}.Debug|Any CPU.ActiveCfg = Debug|Any CPU
		{2797D758-79A2-4810-A16B-1274BFB1627B}.Debug|Any CPU.Build.0 = Debug|Any CPU
		{2797D758-79A2-4810-A16B-1274BFB1627B}.Release|Any CPU.ActiveCfg = Release|Any CPU
		{2797D758-79A2-4810-A16B-1274BFB1627B}.Release|Any CPU.Build.0 = Release|Any CPU
	EndGlobalSection
	GlobalSection(SolutionProperties) = preSolution
		HideSolutionNode = FALSE
	EndGlobalSection
	GlobalSection(ExtensibilityGlobals) = postSolution
		SolutionGuid = {03B3375B-6482-4023-A12E-9E33008A6957}
	EndGlobalSection
EndGlobal
